PODS:
  - CryptoSwift (0.6.0)
  - JSONWebToken (2.0.1):
    - CryptoSwift (~> 0.6.0)

DEPENDENCIES:
  - CryptoSwift (~> 0.6.0)
  - JSONWebToken (~> 2.0.1)

SPEC CHECKSUMS:
  CryptoSwift: 4a599b7241b8d3b857d6e2c28867d0bd5d1aae24
  JSONWebToken: 37f3666c459ed1a1554663a2741ac7655d488b1f

PODFILE CHECKSUM: ded3ed1ea45d11f009e5a3a5bf79fe9362d33384

COCOAPODS: 1.2.0
