PODS:
  - JSONWebToken (2.2.0)
  - saasquatch-sdk-swift (2.0.0)

DEPENDENCIES:
  - JSONWebToken (~> 2.2.0)
  - saasquatch-sdk-swift (~> 2.0.0)

SPEC REPOS:
  https://github.com/cocoapods/specs.git:
    - JSONWebToken
    - saasquatch-sdk-swift

SPEC CHECKSUMS:
  JSONWebToken: 6fae32489632658d563dd6952a5c34020ea813e4
  saasquatch-sdk-swift: a938c5e6ceb2d6cdbd6996c43b3f1a86e5ea14a9

PODFILE CHECKSUM: f4531f86df088f45fbc9d84867bd61b0a616af64

COCOAPODS: 1.6.0.beta.2
