// !$*UTF8*$!
{
	archiveVersion = 1;
	classes = {
	};
	objectVersion = 46;
	objects = {

/* Begin PBXBuildFile section */
		036E9957022CEA3FD10B3D7C /* Pods_SampleAppTests.framework in Frameworks */ = {isa = PBXBuildFile; fileRef = AA9C0DB51F709199AB9FED40 /* Pods_SampleAppTests.framework */; };
		1F00D1D11CC95AB6003F43F3 /* ShowReferralsViewController.swift in Sources */ = {isa = PBXBuildFile; fileRef = 1F00D1D01CC95AB6003F43F3 /* ShowReferralsViewController.swift */; };
		1FC576751C9C768200315955 /* AppDelegate.swift in Sources */ = {isa = PBXBuildFile; fileRef = 1FC576741C9C768200315955 /* AppDelegate.swift */; };
		1FC5767E1C9C768200315955 /* Assets.xcassets in Resources */ = {isa = PBXBuildFile; fileRef = 1FC5767D1C9C768200315955 /* Assets.xcassets */; };
		1FC576811C9C768200315955 /* LaunchScreen.storyboard in Resources */ = {isa = PBXBuildFile; fileRef = 1FC5767F1C9C768200315955 /* LaunchScreen.storyboard */; };
		1FC5768C1C9C768300315955 /* SampleAppTests.swift in Sources */ = {isa = PBXBuildFile; fileRef = 1FC5768B1C9C768300315955 /* SampleAppTests.swift */; };
		1FC576971C9C768300315955 /* SampleAppUITests.swift in Sources */ = {isa = PBXBuildFile; fileRef = 1FC576961C9C768300315955 /* SampleAppUITests.swift */; };
		1FC576A51C9C8B3900315955 /* LoginViewController.swift in Sources */ = {isa = PBXBuildFile; fileRef = 1FC576A41C9C8B3900315955 /* LoginViewController.swift */; };
		1FC576A71C9C8B4800315955 /* SignupViewController.swift in Sources */ = {isa = PBXBuildFile; fileRef = 1FC576A61C9C8B4800315955 /* SignupViewController.swift */; };
		1FC576A91C9C8B5800315955 /* WelcomeViewController.swift in Sources */ = {isa = PBXBuildFile; fileRef = 1FC576A81C9C8B5800315955 /* WelcomeViewController.swift */; };
		1FD5A9151C9C962E0032CF23 /* User.swift in Sources */ = {isa = PBXBuildFile; fileRef = 1FD5A9141C9C962E0032CF23 /* User.swift */; };
		1FD5A91B1C9CCC710032CF23 /* ReferralView.xib in Resources */ = {isa = PBXBuildFile; fileRef = 1FD5A91A1C9CCC710032CF23 /* ReferralView.xib */; };
		1FD5A91D1C9CCFC40032CF23 /* ReferralView.swift in Sources */ = {isa = PBXBuildFile; fileRef = 1FD5A91C1C9CCFC40032CF23 /* ReferralView.swift */; };
		2D9BE8AF9B4504EEB06D2B8F /* Pods_SampleApp.framework in Frameworks */ = {isa = PBXBuildFile; fileRef = FD9903B8899D102D66730DA3 /* Pods_SampleApp.framework */; };
		A4090BD71EE725520071B1C7 /* ShareLinksViewController.swift in Sources */ = {isa = PBXBuildFile; fileRef = A4090BD61EE725520071B1C7 /* ShareLinksViewController.swift */; };
		A4539C6C1ED27B2D00EB59D9 /* UpdateUserViewController.swift in Sources */ = {isa = PBXBuildFile; fileRef = A4539C6B1ED27B2D00EB59D9 /* UpdateUserViewController.swift */; };
		A4539C6E1ED292C700EB59D9 /* Main.storyboard in Resources */ = {isa = PBXBuildFile; fileRef = A4539C6D1ED292C700EB59D9 /* Main.storyboard */; };
		A4539D181ED4104600EB59D9 /* CreateCookieUserViewController.swift in Sources */ = {isa = PBXBuildFile; fileRef = A4539D171ED4104600EB59D9 /* CreateCookieUserViewController.swift */; };
		F832B9B622E4787AC42F07C5 /* Pods_SampleAppUITests.framework in Frameworks */ = {isa = PBXBuildFile; fileRef = F45E2110D80F1DA2B81BE9C7 /* Pods_SampleAppUITests.framework */; };
/* End PBXBuildFile section */

/* Begin PBXContainerItemProxy section */
		1FC576881C9C768200315955 /* PBXContainerItemProxy */ = {
			isa = PBXContainerItemProxy;
			containerPortal = 1FC576691C9C768200315955 /* Project object */;
			proxyType = 1;
			remoteGlobalIDString = 1FC576701C9C768200315955;
			remoteInfo = SampleApp;
		};
		1FC576931C9C768300315955 /* PBXContainerItemProxy */ = {
			isa = PBXContainerItemProxy;
			containerPortal = 1FC576691C9C768200315955 /* Project object */;
			proxyType = 1;
			remoteGlobalIDString = 1FC576701C9C768200315955;
			remoteInfo = SampleApp;
		};
/* End PBXContainerItemProxy section */

/* Begin PBXCopyFilesBuildPhase section */
		A4CBBBD01EECF70B000729E3 /* Embed Frameworks */ = {
			isa = PBXCopyFilesBuildPhase;
			buildActionMask = 2147483647;
			dstPath = "";
			dstSubfolderSpec = 10;
			files = (
			);
			name = "Embed Frameworks";
			runOnlyForDeploymentPostprocessing = 0;
		};
/* End PBXCopyFilesBuildPhase section */

/* Begin PBXFileReference section */
		1F00D1D01CC95AB6003F43F3 /* ShowReferralsViewController.swift */ = {isa = PBXFileReference; fileEncoding = 4; lastKnownFileType = sourcecode.swift; path = ShowReferralsViewController.swift; sourceTree = "<group>"; };
		1FC576711C9C768200315955 /* SampleApp.app */ = {isa = PBXFileReference; explicitFileType = wrapper.application; includeInIndex = 0; path = SampleApp.app; sourceTree = BUILT_PRODUCTS_DIR; };
		1FC576741C9C768200315955 /* AppDelegate.swift */ = {isa = PBXFileReference; lastKnownFileType = sourcecode.swift; path = AppDelegate.swift; sourceTree = "<group>"; };
		1FC5767D1C9C768200315955 /* Assets.xcassets */ = {isa = PBXFileReference; lastKnownFileType = folder.assetcatalog; path = Assets.xcassets; sourceTree = "<group>"; };
		1FC576801C9C768200315955 /* Base */ = {isa = PBXFileReference; lastKnownFileType = file.storyboard; name = Base; path = Base.lproj/LaunchScreen.storyboard; sourceTree = "<group>"; };
		1FC576821C9C768200315955 /* Info.plist */ = {isa = PBXFileReference; lastKnownFileType = text.plist.xml; path = Info.plist; sourceTree = "<group>"; };
		1FC576871C9C768200315955 /* SampleAppTests.xctest */ = {isa = PBXFileReference; explicitFileType = wrapper.cfbundle; includeInIndex = 0; path = SampleAppTests.xctest; sourceTree = BUILT_PRODUCTS_DIR; };
		1FC5768B1C9C768300315955 /* SampleAppTests.swift */ = {isa = PBXFileReference; lastKnownFileType = sourcecode.swift; path = SampleAppTests.swift; sourceTree = "<group>"; };
		1FC5768D1C9C768300315955 /* Info.plist */ = {isa = PBXFileReference; lastKnownFileType = text.plist.xml; path = Info.plist; sourceTree = "<group>"; };
		1FC576921C9C768300315955 /* SampleAppUITests.xctest */ = {isa = PBXFileReference; explicitFileType = wrapper.cfbundle; includeInIndex = 0; path = SampleAppUITests.xctest; sourceTree = BUILT_PRODUCTS_DIR; };
		1FC576961C9C768300315955 /* SampleAppUITests.swift */ = {isa = PBXFileReference; lastKnownFileType = sourcecode.swift; path = SampleAppUITests.swift; sourceTree = "<group>"; };
		1FC576981C9C768300315955 /* Info.plist */ = {isa = PBXFileReference; lastKnownFileType = text.plist.xml; path = Info.plist; sourceTree = "<group>"; };
		1FC576A41C9C8B3900315955 /* LoginViewController.swift */ = {isa = PBXFileReference; fileEncoding = 4; lastKnownFileType = sourcecode.swift; path = LoginViewController.swift; sourceTree = "<group>"; };
		1FC576A61C9C8B4800315955 /* SignupViewController.swift */ = {isa = PBXFileReference; fileEncoding = 4; lastKnownFileType = sourcecode.swift; path = SignupViewController.swift; sourceTree = "<group>"; };
		1FC576A81C9C8B5800315955 /* WelcomeViewController.swift */ = {isa = PBXFileReference; fileEncoding = 4; lastKnownFileType = sourcecode.swift; path = WelcomeViewController.swift; sourceTree = "<group>"; };
		1FD5A9141C9C962E0032CF23 /* User.swift */ = {isa = PBXFileReference; fileEncoding = 4; lastKnownFileType = sourcecode.swift; path = User.swift; sourceTree = "<group>"; };
		1FD5A91A1C9CCC710032CF23 /* ReferralView.xib */ = {isa = PBXFileReference; fileEncoding = 4; lastKnownFileType = file.xib; path = ReferralView.xib; sourceTree = "<group>"; };
		1FD5A91C1C9CCFC40032CF23 /* ReferralView.swift */ = {isa = PBXFileReference; fileEncoding = 4; lastKnownFileType = sourcecode.swift; path = ReferralView.swift; sourceTree = "<group>"; };
		2733E8AD22370C2607E930C8 /* Pods-SampleAppUITests.debug.xcconfig */ = {isa = PBXFileReference; includeInIndex = 1; lastKnownFileType = text.xcconfig; name = "Pods-SampleAppUITests.debug.xcconfig"; path = "Pods/Target Support Files/Pods-SampleAppUITests/Pods-SampleAppUITests.debug.xcconfig"; sourceTree = "<group>"; };
		409D22A2122FC08DF6936FAE /* Pods-SampleAppTests.debug.xcconfig */ = {isa = PBXFileReference; includeInIndex = 1; lastKnownFileType = text.xcconfig; name = "Pods-SampleAppTests.debug.xcconfig"; path = "Pods/Target Support Files/Pods-SampleAppTests/Pods-SampleAppTests.debug.xcconfig"; sourceTree = "<group>"; };
		74A0F95E411B93AE5108B7B6 /* Pods-SampleApp.release.xcconfig */ = {isa = PBXFileReference; includeInIndex = 1; lastKnownFileType = text.xcconfig; name = "Pods-SampleApp.release.xcconfig"; path = "Pods/Target Support Files/Pods-SampleApp/Pods-SampleApp.release.xcconfig"; sourceTree = "<group>"; };
		7CA81F7EC53E8E95289E2317 /* Pods-SampleAppUITests.release.xcconfig */ = {isa = PBXFileReference; includeInIndex = 1; lastKnownFileType = text.xcconfig; name = "Pods-SampleAppUITests.release.xcconfig"; path = "Pods/Target Support Files/Pods-SampleAppUITests/Pods-SampleAppUITests.release.xcconfig"; sourceTree = "<group>"; };
		8498FCDE8231C8C2134ECA83 /* Pods-SampleAppTests.release.xcconfig */ = {isa = PBXFileReference; includeInIndex = 1; lastKnownFileType = text.xcconfig; name = "Pods-SampleAppTests.release.xcconfig"; path = "Pods/Target Support Files/Pods-SampleAppTests/Pods-SampleAppTests.release.xcconfig"; sourceTree = "<group>"; };
		A4090BD61EE725520071B1C7 /* ShareLinksViewController.swift */ = {isa = PBXFileReference; fileEncoding = 4; lastKnownFileType = sourcecode.swift; path = ShareLinksViewController.swift; sourceTree = "<group>"; };
		A4539C6B1ED27B2D00EB59D9 /* UpdateUserViewController.swift */ = {isa = PBXFileReference; fileEncoding = 4; lastKnownFileType = sourcecode.swift; path = UpdateUserViewController.swift; sourceTree = "<group>"; };
		A4539C6D1ED292C700EB59D9 /* Main.storyboard */ = {isa = PBXFileReference; fileEncoding = 4; lastKnownFileType = file.storyboard; path = Main.storyboard; sourceTree = "<group>"; };
		A4539D171ED4104600EB59D9 /* CreateCookieUserViewController.swift */ = {isa = PBXFileReference; fileEncoding = 4; lastKnownFileType = sourcecode.swift; path = CreateCookieUserViewController.swift; sourceTree = "<group>"; };
		AA9C0DB51F709199AB9FED40 /* Pods_SampleAppTests.framework */ = {isa = PBXFileReference; explicitFileType = wrapper.framework; includeInIndex = 0; path = Pods_SampleAppTests.framework; sourceTree = BUILT_PRODUCTS_DIR; };
		D7F5DB757AA6EF37E32B60B6 /* Pods-SampleApp.debug.xcconfig */ = {isa = PBXFileReference; includeInIndex = 1; lastKnownFileType = text.xcconfig; name = "Pods-SampleApp.debug.xcconfig"; path = "Pods/Target Support Files/Pods-SampleApp/Pods-SampleApp.debug.xcconfig"; sourceTree = "<group>"; };
		F45E2110D80F1DA2B81BE9C7 /* Pods_SampleAppUITests.framework */ = {isa = PBXFileReference; explicitFileType = wrapper.framework; includeInIndex = 0; path = Pods_SampleAppUITests.framework; sourceTree = BUILT_PRODUCTS_DIR; };
		FD9903B8899D102D66730DA3 /* Pods_SampleApp.framework */ = {isa = PBXFileReference; explicitFileType = wrapper.framework; includeInIndex = 0; path = Pods_SampleApp.framework; sourceTree = BUILT_PRODUCTS_DIR; };
/* End PBXFileReference section */

/* Begin PBXFrameworksBuildPhase section */
		1FC5766E1C9C768200315955 /* Frameworks */ = {
			isa = PBXFrameworksBuildPhase;
			buildActionMask = 2147483647;
			files = (
				2D9BE8AF9B4504EEB06D2B8F /* Pods_SampleApp.framework in Frameworks */,
			);
			runOnlyForDeploymentPostprocessing = 0;
		};
		1FC576841C9C768200315955 /* Frameworks */ = {
			isa = PBXFrameworksBuildPhase;
			buildActionMask = 2147483647;
			files = (
				036E9957022CEA3FD10B3D7C /* Pods_SampleAppTests.framework in Frameworks */,
			);
			runOnlyForDeploymentPostprocessing = 0;
		};
		1FC5768F1C9C768300315955 /* Frameworks */ = {
			isa = PBXFrameworksBuildPhase;
			buildActionMask = 2147483647;
			files = (
				F832B9B622E4787AC42F07C5 /* Pods_SampleAppUITests.framework in Frameworks */,
			);
			runOnlyForDeploymentPostprocessing = 0;
		};
/* End PBXFrameworksBuildPhase section */

/* Begin PBXGroup section */
		1FC576681C9C768200315955 = {
			isa = PBXGroup;
			children = (
				1FC576731C9C768200315955 /* SampleApp */,
				1FC5768A1C9C768300315955 /* SampleAppTests */,
				1FC576951C9C768300315955 /* SampleAppUITests */,
				1FC576721C9C768200315955 /* Products */,
				A25EF3E41B1A00330CF006DF /* Pods */,
				EADE97D93CCF73222AAEBE79 /* Frameworks */,
			);
			sourceTree = "<group>";
		};
		1FC576721C9C768200315955 /* Products */ = {
			isa = PBXGroup;
			children = (
				1FC576711C9C768200315955 /* SampleApp.app */,
				1FC576871C9C768200315955 /* SampleAppTests.xctest */,
				1FC576921C9C768300315955 /* SampleAppUITests.xctest */,
			);
			name = Products;
			sourceTree = "<group>";
		};
		1FC576731C9C768200315955 /* SampleApp */ = {
			isa = PBXGroup;
			children = (
				1FC576741C9C768200315955 /* AppDelegate.swift */,
				A4539C6D1ED292C700EB59D9 /* Main.storyboard */,
				A4539C6B1ED27B2D00EB59D9 /* UpdateUserViewController.swift */,
				1F00D1D01CC95AB6003F43F3 /* ShowReferralsViewController.swift */,
				A4539D171ED4104600EB59D9 /* CreateCookieUserViewController.swift */,
				1FD5A9141C9C962E0032CF23 /* User.swift */,
				1FC576A41C9C8B3900315955 /* LoginViewController.swift */,
				A4090BD61EE725520071B1C7 /* ShareLinksViewController.swift */,
				1FC576A61C9C8B4800315955 /* SignupViewController.swift */,
				1FD5A91A1C9CCC710032CF23 /* ReferralView.xib */,
				1FD5A91C1C9CCFC40032CF23 /* ReferralView.swift */,
				1FC576A81C9C8B5800315955 /* WelcomeViewController.swift */,
				1FC5767D1C9C768200315955 /* Assets.xcassets */,
				1FC5767F1C9C768200315955 /* LaunchScreen.storyboard */,
				1FC576821C9C768200315955 /* Info.plist */,
			);
			path = SampleApp;
			sourceTree = "<group>";
		};
		1FC5768A1C9C768300315955 /* SampleAppTests */ = {
			isa = PBXGroup;
			children = (
				1FC5768B1C9C768300315955 /* SampleAppTests.swift */,
				1FC5768D1C9C768300315955 /* Info.plist */,
			);
			path = SampleAppTests;
			sourceTree = "<group>";
		};
		1FC576951C9C768300315955 /* SampleAppUITests */ = {
			isa = PBXGroup;
			children = (
				1FC576961C9C768300315955 /* SampleAppUITests.swift */,
				1FC576981C9C768300315955 /* Info.plist */,
			);
			path = SampleAppUITests;
			sourceTree = "<group>";
		};
		A25EF3E41B1A00330CF006DF /* Pods */ = {
			isa = PBXGroup;
			children = (
				D7F5DB757AA6EF37E32B60B6 /* Pods-SampleApp.debug.xcconfig */,
				74A0F95E411B93AE5108B7B6 /* Pods-SampleApp.release.xcconfig */,
				409D22A2122FC08DF6936FAE /* Pods-SampleAppTests.debug.xcconfig */,
				8498FCDE8231C8C2134ECA83 /* Pods-SampleAppTests.release.xcconfig */,
				2733E8AD22370C2607E930C8 /* Pods-SampleAppUITests.debug.xcconfig */,
				7CA81F7EC53E8E95289E2317 /* Pods-SampleAppUITests.release.xcconfig */,
			);
			name = Pods;
			sourceTree = "<group>";
		};
		EADE97D93CCF73222AAEBE79 /* Frameworks */ = {
			isa = PBXGroup;
			children = (
				FD9903B8899D102D66730DA3 /* Pods_SampleApp.framework */,
				AA9C0DB51F709199AB9FED40 /* Pods_SampleAppTests.framework */,
				F45E2110D80F1DA2B81BE9C7 /* Pods_SampleAppUITests.framework */,
			);
			name = Frameworks;
			sourceTree = "<group>";
		};
/* End PBXGroup section */

/* Begin PBXNativeTarget section */
		1FC576701C9C768200315955 /* SampleApp */ = {
			isa = PBXNativeTarget;
			buildConfigurationList = 1FC5769B1C9C768300315955 /* Build configuration list for PBXNativeTarget "SampleApp" */;
			buildPhases = (
				E58CCD0F9893ECFC15AC4ACE /* [CP] Check Pods Manifest.lock */,
				1FC5766D1C9C768200315955 /* Sources */,
				1FC5766E1C9C768200315955 /* Frameworks */,
				1FC5766F1C9C768200315955 /* Resources */,
				E8C07E6E72E67D5CEA181FE9 /* [CP] Embed Pods Frameworks */,
				A4CBBBD01EECF70B000729E3 /* Embed Frameworks */,
			);
			buildRules = (
			);
			dependencies = (
			);
			name = SampleApp;
			productName = SampleApp;
			productReference = 1FC576711C9C768200315955 /* SampleApp.app */;
			productType = "com.apple.product-type.application";
		};
		1FC576861C9C768200315955 /* SampleAppTests */ = {
			isa = PBXNativeTarget;
			buildConfigurationList = 1FC5769E1C9C768300315955 /* Build configuration list for PBXNativeTarget "SampleAppTests" */;
			buildPhases = (
				6EF76D143083EF682B554953 /* [CP] Check Pods Manifest.lock */,
				1FC576831C9C768200315955 /* Sources */,
				1FC576841C9C768200315955 /* Frameworks */,
				1FC576851C9C768200315955 /* Resources */,
			);
			buildRules = (
			);
			dependencies = (
				1FC576891C9C768200315955 /* PBXTargetDependency */,
			);
			name = SampleAppTests;
			productName = SampleAppTests;
			productReference = 1FC576871C9C768200315955 /* SampleAppTests.xctest */;
			productType = "com.apple.product-type.bundle.unit-test";
		};
		1FC576911C9C768300315955 /* SampleAppUITests */ = {
			isa = PBXNativeTarget;
			buildConfigurationList = 1FC576A11C9C768300315955 /* Build configuration list for PBXNativeTarget "SampleAppUITests" */;
			buildPhases = (
				2C7A6E69E95F35BF2BDD45A6 /* [CP] Check Pods Manifest.lock */,
				1FC5768E1C9C768300315955 /* Sources */,
				1FC5768F1C9C768300315955 /* Frameworks */,
				1FC576901C9C768300315955 /* Resources */,
			);
			buildRules = (
			);
			dependencies = (
				1FC576941C9C768300315955 /* PBXTargetDependency */,
			);
			name = SampleAppUITests;
			productName = SampleAppUITests;
			productReference = 1FC576921C9C768300315955 /* SampleAppUITests.xctest */;
			productType = "com.apple.product-type.bundle.ui-testing";
		};
/* End PBXNativeTarget section */

/* Begin PBXProject section */
		1FC576691C9C768200315955 /* Project object */ = {
			isa = PBXProject;
			attributes = {
				LastSwiftUpdateCheck = 0720;
				LastUpgradeCheck = 0940;
				ORGANIZATIONNAME = "Brendan Crawford";
				TargetAttributes = {
					1FC576701C9C768200315955 = {
						CreatedOnToolsVersion = 7.2.1;
						DevelopmentTeam = SETP6QC6E8;
						LastSwiftMigration = 1100;
					};
					1FC576861C9C768200315955 = {
						CreatedOnToolsVersion = 7.2.1;
						LastSwiftMigration = 1100;
						TestTargetID = 1FC576701C9C768200315955;
					};
					1FC576911C9C768300315955 = {
						CreatedOnToolsVersion = 7.2.1;
						LastSwiftMigration = 1100;
						TestTargetID = 1FC576701C9C768200315955;
					};
				};
			};
			buildConfigurationList = 1FC5766C1C9C768200315955 /* Build configuration list for PBXProject "SampleApp" */;
			compatibilityVersion = "Xcode 3.2";
			developmentRegion = English;
			hasScannedForEncodings = 0;
			knownRegions = (
				English,
				en,
				Base,
			);
			mainGroup = 1FC576681C9C768200315955;
			productRefGroup = 1FC576721C9C768200315955 /* Products */;
			projectDirPath = "";
			projectRoot = "";
			targets = (
				1FC576701C9C768200315955 /* SampleApp */,
				1FC576861C9C768200315955 /* SampleAppTests */,
				1FC576911C9C768300315955 /* SampleAppUITests */,
			);
		};
/* End PBXProject section */

/* Begin PBXResourcesBuildPhase section */
		1FC5766F1C9C768200315955 /* Resources */ = {
			isa = PBXResourcesBuildPhase;
			buildActionMask = 2147483647;
			files = (
				1FC576811C9C768200315955 /* LaunchScreen.storyboard in Resources */,
				1FC5767E1C9C768200315955 /* Assets.xcassets in Resources */,
				1FD5A91B1C9CCC710032CF23 /* ReferralView.xib in Resources */,
				A4539C6E1ED292C700EB59D9 /* Main.storyboard in Resources */,
			);
			runOnlyForDeploymentPostprocessing = 0;
		};
		1FC576851C9C768200315955 /* Resources */ = {
			isa = PBXResourcesBuildPhase;
			buildActionMask = 2147483647;
			files = (
			);
			runOnlyForDeploymentPostprocessing = 0;
		};
		1FC576901C9C768300315955 /* Resources */ = {
			isa = PBXResourcesBuildPhase;
			buildActionMask = 2147483647;
			files = (
			);
			runOnlyForDeploymentPostprocessing = 0;
		};
/* End PBXResourcesBuildPhase section */

/* Begin PBXShellScriptBuildPhase section */
		2C7A6E69E95F35BF2BDD45A6 /* [CP] Check Pods Manifest.lock */ = {
			isa = PBXShellScriptBuildPhase;
			buildActionMask = 2147483647;
			files = (
			);
			inputPaths = (
				"${PODS_PODFILE_DIR_PATH}/Podfile.lock",
				"${PODS_ROOT}/Manifest.lock",
			);
			name = "[CP] Check Pods Manifest.lock";
			outputPaths = (
				"$(DERIVED_FILE_DIR)/Pods-SampleAppUITests-checkManifestLockResult.txt",
			);
			runOnlyForDeploymentPostprocessing = 0;
			shellPath = /bin/sh;
			shellScript = "diff \"${PODS_PODFILE_DIR_PATH}/Podfile.lock\" \"${PODS_ROOT}/Manifest.lock\" > /dev/null\nif [ $? != 0 ] ; then\n    # print error to STDERR\n    echo \"error: The sandbox is not in sync with the Podfile.lock. Run 'pod install' or update your CocoaPods installation.\" >&2\n    exit 1\nfi\n# This output is used by Xcode 'outputs' to avoid re-running this script phase.\necho \"SUCCESS\" > \"${SCRIPT_OUTPUT_FILE_0}\"\n";
			showEnvVarsInLog = 0;
		};
		6EF76D143083EF682B554953 /* [CP] Check Pods Manifest.lock */ = {
			isa = PBXShellScriptBuildPhase;
			buildActionMask = 2147483647;
			files = (
			);
			inputPaths = (
				"${PODS_PODFILE_DIR_PATH}/Podfile.lock",
				"${PODS_ROOT}/Manifest.lock",
			);
			name = "[CP] Check Pods Manifest.lock";
			outputPaths = (
				"$(DERIVED_FILE_DIR)/Pods-SampleAppTests-checkManifestLockResult.txt",
			);
			runOnlyForDeploymentPostprocessing = 0;
			shellPath = /bin/sh;
			shellScript = "diff \"${PODS_PODFILE_DIR_PATH}/Podfile.lock\" \"${PODS_ROOT}/Manifest.lock\" > /dev/null\nif [ $? != 0 ] ; then\n    # print error to STDERR\n    echo \"error: The sandbox is not in sync with the Podfile.lock. Run 'pod install' or update your CocoaPods installation.\" >&2\n    exit 1\nfi\n# This output is used by Xcode 'outputs' to avoid re-running this script phase.\necho \"SUCCESS\" > \"${SCRIPT_OUTPUT_FILE_0}\"\n";
			showEnvVarsInLog = 0;
		};
		E58CCD0F9893ECFC15AC4ACE /* [CP] Check Pods Manifest.lock */ = {
			isa = PBXShellScriptBuildPhase;
			buildActionMask = 2147483647;
			files = (
			);
			inputPaths = (
				"${PODS_PODFILE_DIR_PATH}/Podfile.lock",
				"${PODS_ROOT}/Manifest.lock",
			);
			name = "[CP] Check Pods Manifest.lock";
			outputPaths = (
				"$(DERIVED_FILE_DIR)/Pods-SampleApp-checkManifestLockResult.txt",
			);
			runOnlyForDeploymentPostprocessing = 0;
			shellPath = /bin/sh;
			shellScript = "diff \"${PODS_PODFILE_DIR_PATH}/Podfile.lock\" \"${PODS_ROOT}/Manifest.lock\" > /dev/null\nif [ $? != 0 ] ; then\n    # print error to STDERR\n    echo \"error: The sandbox is not in sync with the Podfile.lock. Run 'pod install' or update your CocoaPods installation.\" >&2\n    exit 1\nfi\n# This output is used by Xcode 'outputs' to avoid re-running this script phase.\necho \"SUCCESS\" > \"${SCRIPT_OUTPUT_FILE_0}\"\n";
			showEnvVarsInLog = 0;
		};
		E8C07E6E72E67D5CEA181FE9 /* [CP] Embed Pods Frameworks */ = {
			isa = PBXShellScriptBuildPhase;
			buildActionMask = 2147483647;
			files = (
			);
			inputPaths = (
				"${PODS_ROOT}/Target Support Files/Pods-SampleApp/Pods-SampleApp-frameworks.sh",
				"${BUILT_PRODUCTS_DIR}/JSONWebToken/JWT.framework",
				"${BUILT_PRODUCTS_DIR}/saasquatch-sdk-swift/saasquatch.framework",
			);
			name = "[CP] Embed Pods Frameworks";
			outputPaths = (
				"${TARGET_BUILD_DIR}/${FRAMEWORKS_FOLDER_PATH}/JWT.framework",
				"${TARGET_BUILD_DIR}/${FRAMEWORKS_FOLDER_PATH}/saasquatch.framework",
			);
			runOnlyForDeploymentPostprocessing = 0;
			shellPath = /bin/sh;
			shellScript = "\"${PODS_ROOT}/Target Support Files/Pods-SampleApp/Pods-SampleApp-frameworks.sh\"\n";
			showEnvVarsInLog = 0;
		};
/* End PBXShellScriptBuildPhase section */

/* Begin PBXSourcesBuildPhase section */
		1FC5766D1C9C768200315955 /* Sources */ = {
			isa = PBXSourcesBuildPhase;
			buildActionMask = 2147483647;
			files = (
				1FC576A71C9C8B4800315955 /* SignupViewController.swift in Sources */,
				1FC576A91C9C8B5800315955 /* WelcomeViewController.swift in Sources */,
				A4539C6C1ED27B2D00EB59D9 /* UpdateUserViewController.swift in Sources */,
				A4539D181ED4104600EB59D9 /* CreateCookieUserViewController.swift in Sources */,
				1FC576A51C9C8B3900315955 /* LoginViewController.swift in Sources */,
				1FD5A9151C9C962E0032CF23 /* User.swift in Sources */,
				1FC576751C9C768200315955 /* AppDelegate.swift in Sources */,
				1FD5A91D1C9CCFC40032CF23 /* ReferralView.swift in Sources */,
				A4090BD71EE725520071B1C7 /* ShareLinksViewController.swift in Sources */,
				1F00D1D11CC95AB6003F43F3 /* ShowReferralsViewController.swift in Sources */,
			);
			runOnlyForDeploymentPostprocessing = 0;
		};
		1FC576831C9C768200315955 /* Sources */ = {
			isa = PBXSourcesBuildPhase;
			buildActionMask = 2147483647;
			files = (
				1FC5768C1C9C768300315955 /* SampleAppTests.swift in Sources */,
			);
			runOnlyForDeploymentPostprocessing = 0;
		};
		1FC5768E1C9C768300315955 /* Sources */ = {
			isa = PBXSourcesBuildPhase;
			buildActionMask = 2147483647;
			files = (
				1FC576971C9C768300315955 /* SampleAppUITests.swift in Sources */,
			);
			runOnlyForDeploymentPostprocessing = 0;
		};
/* End PBXSourcesBuildPhase section */

/* Begin PBXTargetDependency section */
		1FC576891C9C768200315955 /* PBXTargetDependency */ = {
			isa = PBXTargetDependency;
			target = 1FC576701C9C768200315955 /* SampleApp */;
			targetProxy = 1FC576881C9C768200315955 /* PBXContainerItemProxy */;
		};
		1FC576941C9C768300315955 /* PBXTargetDependency */ = {
			isa = PBXTargetDependency;
			target = 1FC576701C9C768200315955 /* SampleApp */;
			targetProxy = 1FC576931C9C768300315955 /* PBXContainerItemProxy */;
		};
/* End PBXTargetDependency section */

/* Begin PBXVariantGroup section */
		1FC5767F1C9C768200315955 /* LaunchScreen.storyboard */ = {
			isa = PBXVariantGroup;
			children = (
				1FC576801C9C768200315955 /* Base */,
			);
			name = LaunchScreen.storyboard;
			sourceTree = "<group>";
		};
/* End PBXVariantGroup section */

/* Begin XCBuildConfiguration section */
		1FC576991C9C768300315955 /* Debug */ = {
			isa = XCBuildConfiguration;
			buildSettings = {
				ALWAYS_SEARCH_USER_PATHS = NO;
				CLANG_CXX_LANGUAGE_STANDARD = "gnu++0x";
				CLANG_CXX_LIBRARY = "libc++";
				CLANG_ENABLE_MODULES = YES;
				CLANG_ENABLE_OBJC_ARC = YES;
				CLANG_WARN_BLOCK_CAPTURE_AUTORELEASING = YES;
				CLANG_WARN_BOOL_CONVERSION = YES;
				CLANG_WARN_COMMA = YES;
				CLANG_WARN_CONSTANT_CONVERSION = YES;
				CLANG_WARN_DEPRECATED_OBJC_IMPLEMENTATIONS = YES;
				CLANG_WARN_DIRECT_OBJC_ISA_USAGE = YES_ERROR;
				CLANG_WARN_EMPTY_BODY = YES;
				CLANG_WARN_ENUM_CONVERSION = YES;
				CLANG_WARN_INFINITE_RECURSION = YES;
				CLANG_WARN_INT_CONVERSION = YES;
				CLANG_WARN_NON_LITERAL_NULL_CONVERSION = YES;
				CLANG_WARN_OBJC_IMPLICIT_RETAIN_SELF = YES;
				CLANG_WARN_OBJC_LITERAL_CONVERSION = YES;
				CLANG_WARN_OBJC_ROOT_CLASS = YES_ERROR;
				CLANG_WARN_RANGE_LOOP_ANALYSIS = YES;
				CLANG_WARN_STRICT_PROTOTYPES = YES;
				CLANG_WARN_SUSPICIOUS_MOVE = YES;
				CLANG_WARN_UNREACHABLE_CODE = YES;
				CLANG_WARN__DUPLICATE_METHOD_MATCH = YES;
				"CODE_SIGN_IDENTITY[sdk=iphoneos*]" = "iPhone Developer";
				COPY_PHASE_STRIP = NO;
				DEBUG_INFORMATION_FORMAT = dwarf;
				ENABLE_STRICT_OBJC_MSGSEND = YES;
				ENABLE_TESTABILITY = YES;
				GCC_C_LANGUAGE_STANDARD = gnu99;
				GCC_DYNAMIC_NO_PIC = NO;
				GCC_NO_COMMON_BLOCKS = YES;
				GCC_OPTIMIZATION_LEVEL = 0;
				GCC_PREPROCESSOR_DEFINITIONS = (
					"DEBUG=1",
					"$(inherited)",
				);
				GCC_WARN_64_TO_32_BIT_CONVERSION = YES;
				GCC_WARN_ABOUT_RETURN_TYPE = YES_ERROR;
				GCC_WARN_UNDECLARED_SELECTOR = YES;
				GCC_WARN_UNINITIALIZED_AUTOS = YES_AGGRESSIVE;
				GCC_WARN_UNUSED_FUNCTION = YES;
				GCC_WARN_UNUSED_VARIABLE = YES;
				IPHONEOS_DEPLOYMENT_TARGET = 9.0;
				MTL_ENABLE_DEBUG_INFO = YES;
				ONLY_ACTIVE_ARCH = YES;
				SDKROOT = iphoneos;
				SWIFT_OPTIMIZATION_LEVEL = "-Onone";
			};
			name = Debug;
		};
		1FC5769A1C9C768300315955 /* Release */ = {
			isa = XCBuildConfiguration;
			buildSettings = {
				ALWAYS_SEARCH_USER_PATHS = NO;
				CLANG_CXX_LANGUAGE_STANDARD = "gnu++0x";
				CLANG_CXX_LIBRARY = "libc++";
				CLANG_ENABLE_MODULES = YES;
				CLANG_ENABLE_OBJC_ARC = YES;
				CLANG_WARN_BLOCK_CAPTURE_AUTORELEASING = YES;
				CLANG_WARN_BOOL_CONVERSION = YES;
				CLANG_WARN_COMMA = YES;
				CLANG_WARN_CONSTANT_CONVERSION = YES;
				CLANG_WARN_DEPRECATED_OBJC_IMPLEMENTATIONS = YES;
				CLANG_WARN_DIRECT_OBJC_ISA_USAGE = YES_ERROR;
				CLANG_WARN_EMPTY_BODY = YES;
				CLANG_WARN_ENUM_CONVERSION = YES;
				CLANG_WARN_INFINITE_RECURSION = YES;
				CLANG_WARN_INT_CONVERSION = YES;
				CLANG_WARN_NON_LITERAL_NULL_CONVERSION = YES;
				CLANG_WARN_OBJC_IMPLICIT_RETAIN_SELF = YES;
				CLANG_WARN_OBJC_LITERAL_CONVERSION = YES;
				CLANG_WARN_OBJC_ROOT_CLASS = YES_ERROR;
				CLANG_WARN_RANGE_LOOP_ANALYSIS = YES;
				CLANG_WARN_STRICT_PROTOTYPES = YES;
				CLANG_WARN_SUSPICIOUS_MOVE = YES;
				CLANG_WARN_UNREACHABLE_CODE = YES;
				CLANG_WARN__DUPLICATE_METHOD_MATCH = YES;
				"CODE_SIGN_IDENTITY[sdk=iphoneos*]" = "iPhone Developer";
				COPY_PHASE_STRIP = NO;
				DEBUG_INFORMATION_FORMAT = "dwarf-with-dsym";
				ENABLE_NS_ASSERTIONS = NO;
				ENABLE_STRICT_OBJC_MSGSEND = YES;
				GCC_C_LANGUAGE_STANDARD = gnu99;
				GCC_NO_COMMON_BLOCKS = YES;
				GCC_WARN_64_TO_32_BIT_CONVERSION = YES;
				GCC_WARN_ABOUT_RETURN_TYPE = YES_ERROR;
				GCC_WARN_UNDECLARED_SELECTOR = YES;
				GCC_WARN_UNINITIALIZED_AUTOS = YES_AGGRESSIVE;
				GCC_WARN_UNUSED_FUNCTION = YES;
				GCC_WARN_UNUSED_VARIABLE = YES;
				IPHONEOS_DEPLOYMENT_TARGET = 9.0;
				MTL_ENABLE_DEBUG_INFO = NO;
				SDKROOT = iphoneos;
				SWIFT_OPTIMIZATION_LEVEL = "-Owholemodule";
				VALIDATE_PRODUCT = YES;
			};
			name = Release;
		};
		1FC5769C1C9C768300315955 /* Debug */ = {
			isa = XCBuildConfiguration;
			baseConfigurationReference = D7F5DB757AA6EF37E32B60B6 /* Pods-SampleApp.debug.xcconfig */;
			buildSettings = {
				ASSETCATALOG_COMPILER_APPICON_NAME = AppIcon;
				DEVELOPMENT_TEAM = SETP6QC6E8;
				FRAMEWORK_SEARCH_PATHS = (
					"$(inherited)",
					"$(PROJECT_DIR)",
					"$(PROJECT_DIR)/SampleApp",
					"$(SRCROOT)/**",
					"$(PROJECT_DIR)/",
				);
				INFOPLIST_FILE = SampleApp/Info.plist;
				IPHONEOS_DEPLOYMENT_TARGET = 8.0;
				LD_RUNPATH_SEARCH_PATHS = "$(inherited) @executable_path/Frameworks";
				ONLY_ACTIVE_ARCH = YES;
				PRODUCT_BUNDLE_IDENTIFIER = com.referralsaasquatch.sampleapp;
				PRODUCT_NAME = "$(TARGET_NAME)";
				SWIFT_SWIFT3_OBJC_INFERENCE = On;
				SWIFT_VERSION = 5.0;
				TARGETED_DEVICE_FAMILY = "1,2";
				VALID_ARCHS = "armv7 armv7s arm64 i386 x86_64";
			};
			name = Debug;
		};
		1FC5769D1C9C768300315955 /* Release */ = {
			isa = XCBuildConfiguration;
			baseConfigurationReference = 74A0F95E411B93AE5108B7B6 /* Pods-SampleApp.release.xcconfig */;
			buildSettings = {
				ASSETCATALOG_COMPILER_APPICON_NAME = AppIcon;
				DEVELOPMENT_TEAM = SETP6QC6E8;
				FRAMEWORK_SEARCH_PATHS = (
					"$(inherited)",
					"$(PROJECT_DIR)",
					"$(PROJECT_DIR)/SampleApp",
					"$(SRCROOT)/**",
					"$(PROJECT_DIR)/",
				);
				INFOPLIST_FILE = SampleApp/Info.plist;
				IPHONEOS_DEPLOYMENT_TARGET = 8.0;
				LD_RUNPATH_SEARCH_PATHS = "$(inherited) @executable_path/Frameworks";
				ONLY_ACTIVE_ARCH = YES;
				PRODUCT_BUNDLE_IDENTIFIER = com.referralsaasquatch.sampleapp;
				PRODUCT_NAME = "$(TARGET_NAME)";
				SWIFT_SWIFT3_OBJC_INFERENCE = On;
				SWIFT_VERSION = 5.0;
				TARGETED_DEVICE_FAMILY = "1,2";
				VALID_ARCHS = "armv7 armv7s arm64 i386 x86_64";
			};
			name = Release;
		};
		1FC5769F1C9C768300315955 /* Debug */ = {
			isa = XCBuildConfiguration;
			baseConfigurationReference = 409D22A2122FC08DF6936FAE /* Pods-SampleAppTests.debug.xcconfig */;
			buildSettings = {
				BUNDLE_LOADER = "$(TEST_HOST)";
				INFOPLIST_FILE = SampleAppTests/Info.plist;
				LD_RUNPATH_SEARCH_PATHS = "$(inherited) @executable_path/Frameworks @loader_path/Frameworks";
				PRODUCT_BUNDLE_IDENTIFIER = com.referralsaasquatch.SampleAppTests;
				PRODUCT_NAME = "$(TARGET_NAME)";
				SWIFT_SWIFT3_OBJC_INFERENCE = On;
				SWIFT_VERSION = 5.0;
				TEST_HOST = "$(BUILT_PRODUCTS_DIR)/SampleApp.app/SampleApp";
			};
			name = Debug;
		};
		1FC576A01C9C768300315955 /* Release */ = {
			isa = XCBuildConfiguration;
			baseConfigurationReference = 8498FCDE8231C8C2134ECA83 /* Pods-SampleAppTests.release.xcconfig */;
			buildSettings = {
				BUNDLE_LOADER = "$(TEST_HOST)";
				INFOPLIST_FILE = SampleAppTests/Info.plist;
				LD_RUNPATH_SEARCH_PATHS = "$(inherited) @executable_path/Frameworks @loader_path/Frameworks";
				PRODUCT_BUNDLE_IDENTIFIER = com.referralsaasquatch.SampleAppTests;
				PRODUCT_NAME = "$(TARGET_NAME)";
				SWIFT_SWIFT3_OBJC_INFERENCE = On;
				SWIFT_VERSION = 5.0;
				TEST_HOST = "$(BUILT_PRODUCTS_DIR)/SampleApp.app/SampleApp";
			};
			name = Release;
		};
		1FC576A21C9C768300315955 /* Debug */ = {
			isa = XCBuildConfiguration;
			baseConfigurationReference = 2733E8AD22370C2607E930C8 /* Pods-SampleAppUITests.debug.xcconfig */;
			buildSettings = {
				INFOPLIST_FILE = SampleAppUITests/Info.plist;
				LD_RUNPATH_SEARCH_PATHS = "$(inherited) @executable_path/Frameworks @loader_path/Frameworks";
				PRODUCT_BUNDLE_IDENTIFIER = com.referralsaasquatch.SampleAppUITests;
				PRODUCT_NAME = "$(TARGET_NAME)";
				SWIFT_SWIFT3_OBJC_INFERENCE = On;
				SWIFT_VERSION = 5.0;
				TEST_TARGET_NAME = SampleApp;
				USES_XCTRUNNER = YES;
			};
			name = Debug;
		};
		1FC576A31C9C768300315955 /* Release */ = {
			isa = XCBuildConfiguration;
			baseConfigurationReference = 7CA81F7EC53E8E95289E2317 /* Pods-SampleAppUITests.release.xcconfig */;
			buildSettings = {
				INFOPLIST_FILE = SampleAppUITests/Info.plist;
				LD_RUNPATH_SEARCH_PATHS = "$(inherited) @executable_path/Frameworks @loader_path/Frameworks";
				PRODUCT_BUNDLE_IDENTIFIER = com.referralsaasquatch.SampleAppUITests;
				PRODUCT_NAME = "$(TARGET_NAME)";
				SWIFT_SWIFT3_OBJC_INFERENCE = On;
				SWIFT_VERSION = 5.0;
				TEST_TARGET_NAME = SampleApp;
				USES_XCTRUNNER = YES;
			};
			name = Release;
		};
/* End XCBuildConfiguration section */

/* Begin XCConfigurationList section */
		1FC5766C1C9C768200315955 /* Build configuration list for PBXProject "SampleApp" */ = {
			isa = XCConfigurationList;
			buildConfigurations = (
				1FC576991C9C768300315955 /* Debug */,
				1FC5769A1C9C768300315955 /* Release */,
			);
			defaultConfigurationIsVisible = 0;
			defaultConfigurationName = Release;
		};
		1FC5769B1C9C768300315955 /* Build configuration list for PBXNativeTarget "SampleApp" */ = {
			isa = XCConfigurationList;
			buildConfigurations = (
				1FC5769C1C9C768300315955 /* Debug */,
				1FC5769D1C9C768300315955 /* Release */,
			);
			defaultConfigurationIsVisible = 0;
			defaultConfigurationName = Release;
		};
		1FC5769E1C9C768300315955 /* Build configuration list for PBXNativeTarget "SampleAppTests" */ = {
			isa = XCConfigurationList;
			buildConfigurations = (
				1FC5769F1C9C768300315955 /* Debug */,
				1FC576A01C9C768300315955 /* Release */,
			);
			defaultConfigurationIsVisible = 0;
			defaultConfigurationName = Release;
		};
		1FC576A11C9C768300315955 /* Build configuration list for PBXNativeTarget "SampleAppUITests" */ = {
			isa = XCConfigurationList;
			buildConfigurations = (
				1FC576A21C9C768300315955 /* Debug */,
				1FC576A31C9C768300315955 /* Release */,
			);
			defaultConfigurationIsVisible = 0;
			defaultConfigurationName = Release;
		};
/* End XCConfigurationList section */
	};
	rootObject = 1FC576691C9C768200315955 /* Project object */;
}
